
Microsoft Visual Studio Solution File, Format Version 12.00
# Visual Studio Version 17
VisualStudioVersion = 17.7.34031.279
MinimumVisualStudioVersion = 10.0.40219.1
Project("{9A19103F-16F7-4668-BE54-9A1E7A4F7556}") = "DmsrsAwesome", "src\DmsrsAwesome\DmsrsAwesome.csproj", "{051D795C-BC32-4D25-81E1-5E625899EDF9}"
EndProject
Project("{2150E333-8FDC-42A3-9474-1A3956D46DE8}") = "src", "src", "{4A499A57-79BE-4A25-A027-37242E581A78}"
EndProject
Project("{9A19103F-16F7-4668-BE54-9A1E7A4F7556}") = "DmsrsAwesomeTests", "test\DmsrsAwesomeTests\DmsrsAwesomeTests.csproj", "{ED6C3046-B2D5-4AAE-9BAF-099311F2EAC9}"
EndProject
Project("{9A19103F-16F7-4668-BE54-9A1E7A4F7556}") = "LinkAllConfig", "src\LinkAllConfig\LinkAllConfig.csproj", "{2B6043E7-5C45-4795-8EDC-EDCB2732B7B0}"
EndProject
Project("{FAE04EC0-301F-11D3-BF4B-00C04F79EFBC}") = "BlazorAppAwesome", "src\BlazorAppAwesome\BlazorAppAwesome.csproj", "{E38EDAA2-8106-44A8-B5E4-9650FDEF350A}"
EndProject
Project("{FAE04EC0-301F-11D3-BF4B-00C04F79EFBC}") = "ConsoleAppAwesome", "src\ConsoleAppAwesome\ConsoleAppAwesome.csproj", "{83DB13D9-061F-444B-86EA-16E097B451E8}"
EndProject
Project("{FAE04EC0-301F-11D3-BF4B-00C04F79EFBC}") = "WebApplicationAwesome", "src\WebApplicationAwesome\WebApplicationAwesome.csproj", "{D7300027-5BCA-4AD0-9728-548396E9A4B5}"
EndProject
Project("{FAE04EC0-301F-11D3-BF4B-00C04F79EFBC}") = "WebApplicationApiAwesome", "src\WebApplicationApiAwesome\WebApplicationApiAwesome.csproj", "{FA95703A-1380-481B-A9CA-4BFE00DE9887}"
EndProject
Project("{FAE04EC0-301F-11D3-BF4B-00C04F79EFBC}") = "BlazorAppStandaloneAwesome", "src\BlazorAppStandaloneAwesome\BlazorAppStandaloneAwesome.csproj", "{4D38534F-E595-44BF-8715-1FCD3BC6D3AD}"
EndProject
Global
	GlobalSection(SolutionConfigurationPlatforms) = preSolution
		Debug|Any CPU = Debug|Any CPU
		Release|Any CPU = Release|Any CPU
	EndGlobalSection
	GlobalSection(ProjectConfigurationPlatforms) = postSolution
		{051D795C-BC32-4D25-81E1-5E625899EDF9}.Debug|Any CPU.ActiveCfg = Debug|Any CPU
		{051D795C-BC32-4D25-81E1-5E625899EDF9}.Debug|Any CPU.Build.0 = Debug|Any CPU
		{051D795C-BC32-4D25-81E1-5E625899EDF9}.Release|Any CPU.ActiveCfg = Release|Any CPU
		{051D795C-BC32-4D25-81E1-5E625899EDF9}.Release|Any CPU.Build.0 = Release|Any CPU
		{ED6C3046-B2D5-4AAE-9BAF-099311F2EAC9}.Debug|Any CPU.ActiveCfg = Debug|Any CPU
		{ED6C3046-B2D5-4AAE-9BAF-099311F2EAC9}.Debug|Any CPU.Build.0 = Debug|Any CPU
		{ED6C3046-B2D5-4AAE-9BAF-099311F2EAC9}.Release|Any CPU.ActiveCfg = Release|Any CPU
		{ED6C3046-B2D5-4AAE-9BAF-099311F2EAC9}.Release|Any CPU.Build.0 = Release|Any CPU
		{2B6043E7-5C45-4795-8EDC-EDCB2732B7B0}.Debug|Any CPU.ActiveCfg = Debug|Any CPU
		{2B6043E7-5C45-4795-8EDC-EDCB2732B7B0}.Debug|Any CPU.Build.0 = Debug|Any CPU
		{2B6043E7-5C45-4795-8EDC-EDCB2732B7B0}.Release|Any CPU.ActiveCfg = Release|Any CPU
		{2B6043E7-5C45-4795-8EDC-EDCB2732B7B0}.Release|Any CPU.Build.0 = Release|Any CPU
		{E38EDAA2-8106-44A8-B5E4-9650FDEF350A}.Debug|Any CPU.ActiveCfg = Debug|Any CPU
		{E38EDAA2-8106-44A8-B5E4-9650FDEF350A}.Debug|Any CPU.Build.0 = Debug|Any CPU
		{E38EDAA2-8106-44A8-B5E4-9650FDEF350A}.Release|Any CPU.ActiveCfg = Release|Any CPU
		{E38EDAA2-8106-44A8-B5E4-9650FDEF350A}.Release|Any CPU.Build.0 = Release|Any CPU
		{83DB13D9-061F-444B-86EA-16E097B451E8}.Debug|Any CPU.ActiveCfg = Debug|Any CPU
		{83DB13D9-061F-444B-86EA-16E097B451E8}.Debug|Any CPU.Build.0 = Debug|Any CPU
		{83DB13D9-061F-444B-86EA-16E097B451E8}.Release|Any CPU.ActiveCfg = Release|Any CPU
		{83DB13D9-061F-444B-86EA-16E097B451E8}.Release|Any CPU.Build.0 = Release|Any CPU
		{D7300027-5BCA-4AD0-9728-548396E9A4B5}.Debug|Any CPU.ActiveCfg = Debug|Any CPU
		{D7300027-5BCA-4AD0-9728-548396E9A4B5}.Debug|Any CPU.Build.0 = Debug|Any CPU
		{D7300027-5BCA-4AD0-9728-548396E9A4B5}.Release|Any CPU.ActiveCfg = Release|Any CPU
		{D7300027-5BCA-4AD0-9728-548396E9A4B5}.Release|Any CPU.Build.0 = Release|Any CPU
		{FA95703A-1380-481B-A9CA-4BFE00DE9887}.Debug|Any CPU.ActiveCfg = Debug|Any CPU
		{FA95703A-1380-481B-A9CA-4BFE00DE9887}.Debug|Any CPU.Build.0 = Debug|Any CPU
		{FA95703A-1380-481B-A9CA-4BFE00DE9887}.Release|Any CPU.ActiveCfg = Release|Any CPU
		{FA95703A-1380-481B-A9CA-4BFE00DE9887}.Release|Any CPU.Build.0 = Release|Any CPU
		{4D38534F-E595-44BF-8715-1FCD3BC6D3AD}.Debug|Any CPU.ActiveCfg = Debug|Any CPU
		{4D38534F-E595-44BF-8715-1FCD3BC6D3AD}.Debug|Any CPU.Build.0 = Debug|Any CPU
		{4D38534F-E595-44BF-8715-1FCD3BC6D3AD}.Release|Any CPU.ActiveCfg = Release|Any CPU
		{4D38534F-E595-44BF-8715-1FCD3BC6D3AD}.Release|Any CPU.Build.0 = Release|Any CPU
	EndGlobalSection
	GlobalSection(SolutionProperties) = preSolution
		HideSolutionNode = FALSE
	EndGlobalSection
	GlobalSection(NestedProjects) = preSolution
		{051D795C-BC32-4D25-81E1-5E625899EDF9} = {4A499A57-79BE-4A25-A027-37242E581A78}
		{ED6C3046-B2D5-4AAE-9BAF-099311F2EAC9} = {4A499A57-79BE-4A25-A027-37242E581A78}
		{2B6043E7-5C45-4795-8EDC-EDCB2732B7B0} = {4A499A57-79BE-4A25-A027-37242E581A78}
		{E38EDAA2-8106-44A8-B5E4-9650FDEF350A} = {4A499A57-79BE-4A25-A027-37242E581A78}
		{83DB13D9-061F-444B-86EA-16E097B451E8} = {4A499A57-79BE-4A25-A027-37242E581A78}
		{D7300027-5BCA-4AD0-9728-548396E9A4B5} = {4A499A57-79BE-4A25-A027-37242E581A78}
		{FA95703A-1380-481B-A9CA-4BFE00DE9887} = {4A499A57-79BE-4A25-A027-37242E581A78}
		{4D38534F-E595-44BF-8715-1FCD3BC6D3AD} = {4A499A57-79BE-4A25-A027-37242E581A78}
	EndGlobalSection
	GlobalSection(ExtensibilityGlobals) = postSolution
		SolutionGuid = {4F5990A0-70DF-48AC-AA9C-4446948898A6}
	EndGlobalSection
EndGlobal
