
Microsoft Visual Studio Solution File, Format Version 12.00
# Visual Studio Version 17
VisualStudioVersion = 17.7.34031.279
MinimumVisualStudioVersion = 10.0.40219.1
Project("{9A19103F-16F7-4668-BE54-9A1E7A4F7556}") = "DmsrsAwesome", "src\DmsrsAwesome\DmsrsAwesome.csproj", "{051D795C-BC32-4D25-81E1-5E625899EDF9}"
EndProject
Project("{2150E333-8FDC-42A3-9474-1A3956D46DE8}") = "src", "src", "{4A499A57-79BE-4A25-A027-37242E581A78}"
EndProject
Global
	GlobalSection(SolutionConfigurationPlatforms) = preSolution
		Debug|Any CPU = Debug|Any CPU
		Release|Any CPU = Release|Any CPU
	EndGlobalSection
	GlobalSection(ProjectConfigurationPlatforms) = postSolution
		{051D795C-BC32-4D25-81E1-5E625899EDF9}.Debug|Any CPU.ActiveCfg = Debug|Any CPU
		{051D795C-BC32-4D25-81E1-5E625899EDF9}.Debug|Any CPU.Build.0 = Debug|Any CPU
		{051D795C-BC32-4D25-81E1-5E625899EDF9}.Release|Any CPU.ActiveCfg = Release|Any CPU
		{051D795C-BC32-4D25-81E1-5E625899EDF9}.Release|Any CPU.Build.0 = Release|Any CPU
	EndGlobalSection
	GlobalSection(SolutionProperties) = preSolution
		HideSolutionNode = FALSE
	EndGlobalSection
	GlobalSection(NestedProjects) = preSolution
		{051D795C-BC32-4D25-81E1-5E625899EDF9} = {4A499A57-79BE-4A25-A027-37242E581A78}
	EndGlobalSection
	GlobalSection(ExtensibilityGlobals) = postSolution
		SolutionGuid = {4F5990A0-70DF-48AC-AA9C-4446948898A6}
	EndGlobalSection
EndGlobal
